// !$*UTF8*$!
{
	archiveVersion = 1;
	classes = {
	};
	objectVersion = 50;
	objects = {

/* Begin PBXBuildFile section */
		C013C38D2557C7E50091D095 /* AppDelegate.m in Sources */ = {isa = PBXBuildFile; fileRef = C013C38C2557C7E50091D095 /* AppDelegate.m */; };
		C013C3902557C7E50091D095 /* SceneDelegate.m in Sources */ = {isa = PBXBuildFile; fileRef = C013C38F2557C7E50091D095 /* SceneDelegate.m */; };
		C013C3932557C7E50091D095 /* ViewController.m in Sources */ = {isa = PBXBuildFile; fileRef = C013C3922557C7E50091D095 /* ViewController.m */; };
		C013C3962557C7E50091D095 /* Main.storyboard in Resources */ = {isa = PBXBuildFile; fileRef = C013C3942557C7E50091D095 /* Main.storyboard */; };
		C013C3982557C7E80091D095 /* Assets.xcassets in Resources */ = {isa = PBXBuildFile; fileRef = C013C3972557C7E80091D095 /* Assets.xcassets */; };
		C013C39B2557C7E80091D095 /* LaunchScreen.storyboard in Resources */ = {isa = PBXBuildFile; fileRef = C013C3992557C7E80091D095 /* LaunchScreen.storyboard */; };
		C013C39E2557C7E80091D095 /* main.m in Sources */ = {isa = PBXBuildFile; fileRef = C013C39D2557C7E80091D095 /* main.m */; };
		C013C3A62557C8300091D095 /* BLBlurFloatingView.m in Sources */ = {isa = PBXBuildFile; fileRef = C013C3A52557C8300091D095 /* BLBlurFloatingView.m */; };
		C013C3AB2557C8BC0091D095 /* UIView+CornerRadius.m in Sources */ = {isa = PBXBuildFile; fileRef = C013C3AA2557C8BC0091D095 /* UIView+CornerRadius.m */; };
		C013C3AF2557C8D30091D095 /* BLBlurEffect.m in Sources */ = {isa = PBXBuildFile; fileRef = C013C3AD2557C8D30091D095 /* BLBlurEffect.m */; };
		C013C3B32558013A0091D095 /* shijian-2.png in Resources */ = {isa = PBXBuildFile; fileRef = C013C3B22558013A0091D095 /* shijian-2.png */; };
		C013C3B5255824A30091D095 /* timg.jpeg in Resources */ = {isa = PBXBuildFile; fileRef = C013C3B4255824A20091D095 /* timg.jpeg */; };
		C07F1556258F3B960068B1FF /* 首页.png in Resources */ = {isa = PBXBuildFile; fileRef = C07F1555258F3B960068B1FF /* 首页.png */; };
/* End PBXBuildFile section */

/* Begin PBXFileReference section */
		C013C3882557C7E50091D095 /* BlurFloatingButtonDemo.app */ = {isa = PBXFileReference; explicitFileType = wrapper.application; includeInIndex = 0; path = BlurFloatingButtonDemo.app; sourceTree = BUILT_PRODUCTS_DIR; };
		C013C38B2557C7E50091D095 /* AppDelegate.h */ = {isa = PBXFileReference; lastKnownFileType = sourcecode.c.h; path = AppDelegate.h; sourceTree = "<group>"; };
		C013C38C2557C7E50091D095 /* AppDelegate.m */ = {isa = PBXFileReference; lastKnownFileType = sourcecode.c.objc; path = AppDelegate.m; sourceTree = "<group>"; };
		C013C38E2557C7E50091D095 /* SceneDelegate.h */ = {isa = PBXFileReference; lastKnownFileType = sourcecode.c.h; path = SceneDelegate.h; sourceTree = "<group>"; };
		C013C38F2557C7E50091D095 /* SceneDelegate.m */ = {isa = PBXFileReference; lastKnownFileType = sourcecode.c.objc; path = SceneDelegate.m; sourceTree = "<group>"; };
		C013C3912557C7E50091D095 /* ViewController.h */ = {isa = PBXFileReference; lastKnownFileType = sourcecode.c.h; path = ViewController.h; sourceTree = "<group>"; };
		C013C3922557C7E50091D095 /* ViewController.m */ = {isa = PBXFileReference; lastKnownFileType = sourcecode.c.objc; path = ViewController.m; sourceTree = "<group>"; };
		C013C3952557C7E50091D095 /* Base */ = {isa = PBXFileReference; lastKnownFileType = file.storyboard; name = Base; path = Base.lproj/Main.storyboard; sourceTree = "<group>"; };
		C013C3972557C7E80091D095 /* Assets.xcassets */ = {isa = PBXFileReference; lastKnownFileType = folder.assetcatalog; path = Assets.xcassets; sourceTree = "<group>"; };
		C013C39A2557C7E80091D095 /* Base */ = {isa = PBXFileReference; lastKnownFileType = file.storyboard; name = Base; path = Base.lproj/LaunchScreen.storyboard; sourceTree = "<group>"; };
		C013C39C2557C7E80091D095 /* Info.plist */ = {isa = PBXFileReference; lastKnownFileType = text.plist.xml; path = Info.plist; sourceTree = "<group>"; };
		C013C39D2557C7E80091D095 /* main.m */ = {isa = PBXFileReference; lastKnownFileType = sourcecode.c.objc; path = main.m; sourceTree = "<group>"; };
		C013C3A42557C8300091D095 /* BLBlurFloatingView.h */ = {isa = PBXFileReference; lastKnownFileType = sourcecode.c.h; path = BLBlurFloatingView.h; sourceTree = "<group>"; };
		C013C3A52557C8300091D095 /* BLBlurFloatingView.m */ = {isa = PBXFileReference; lastKnownFileType = sourcecode.c.objc; path = BLBlurFloatingView.m; sourceTree = "<group>"; };
		C013C3A92557C8BC0091D095 /* UIView+CornerRadius.h */ = {isa = PBXFileReference; fileEncoding = 4; lastKnownFileType = sourcecode.c.h; path = "UIView+CornerRadius.h"; sourceTree = "<group>"; };
		C013C3AA2557C8BC0091D095 /* UIView+CornerRadius.m */ = {isa = PBXFileReference; fileEncoding = 4; lastKnownFileType = sourcecode.c.objc; path = "UIView+CornerRadius.m"; sourceTree = "<group>"; };
		C013C3AD2557C8D30091D095 /* BLBlurEffect.m */ = {isa = PBXFileReference; fileEncoding = 4; lastKnownFileType = sourcecode.c.objc; path = BLBlurEffect.m; sourceTree = "<group>"; };
		C013C3AE2557C8D30091D095 /* BLBlurEffect.h */ = {isa = PBXFileReference; fileEncoding = 4; lastKnownFileType = sourcecode.c.h; path = BLBlurEffect.h; sourceTree = "<group>"; };
		C013C3B22558013A0091D095 /* shijian-2.png */ = {isa = PBXFileReference; lastKnownFileType = image.png; path = "shijian-2.png"; sourceTree = "<group>"; };
		C013C3B4255824A20091D095 /* timg.jpeg */ = {isa = PBXFileReference; lastKnownFileType = image.jpeg; path = timg.jpeg; sourceTree = "<group>"; };
		C07F1555258F3B960068B1FF /* 首页.png */ = {isa = PBXFileReference; lastKnownFileType = image.png; path = "首页.png"; sourceTree = "<group>"; };
/* End PBXFileReference section */

/* Begin PBXFrameworksBuildPhase section */
		C013C3852557C7E50091D095 /* Frameworks */ = {
			isa = PBXFrameworksBuildPhase;
			buildActionMask = 2147483647;
			files = (
			);
			runOnlyForDeploymentPostprocessing = 0;
		};
/* End PBXFrameworksBuildPhase section */

/* Begin PBXGroup section */
		C013C37F2557C7E50091D095 = {
			isa = PBXGroup;
			children = (
				C013C3AC2557C8D30091D095 /* BLBlurEffect */,
				C013C3A82557C8BC0091D095 /* UIView+CornerRadius */,
				C013C3A72557C8390091D095 /* BLBlurFloatingView */,
				C013C38A2557C7E50091D095 /* BlurFloatingButtonDemo */,
				C013C3892557C7E50091D095 /* Products */,
			);
			sourceTree = "<group>";
		};
		C013C3892557C7E50091D095 /* Products */ = {
			isa = PBXGroup;
			children = (
				C013C3882557C7E50091D095 /* BlurFloatingButtonDemo.app */,
			);
			name = Products;
			sourceTree = "<group>";
		};
		C013C38A2557C7E50091D095 /* BlurFloatingButtonDemo */ = {
			isa = PBXGroup;
			children = (
				C07F1555258F3B960068B1FF /* 首页.png */,
				C013C3B4255824A20091D095 /* timg.jpeg */,
				C013C3B22558013A0091D095 /* shijian-2.png */,
				C013C38B2557C7E50091D095 /* AppDelegate.h */,
				C013C38C2557C7E50091D095 /* AppDelegate.m */,
				C013C38E2557C7E50091D095 /* SceneDelegate.h */,
				C013C38F2557C7E50091D095 /* SceneDelegate.m */,
				C013C3912557C7E50091D095 /* ViewController.h */,
				C013C3922557C7E50091D095 /* ViewController.m */,
				C013C3942557C7E50091D095 /* Main.storyboard */,
				C013C3972557C7E80091D095 /* Assets.xcassets */,
				C013C3992557C7E80091D095 /* LaunchScreen.storyboard */,
				C013C39C2557C7E80091D095 /* Info.plist */,
				C013C39D2557C7E80091D095 /* main.m */,
			);
			path = BlurFloatingButtonDemo;
			sourceTree = "<group>";
		};
		C013C3A72557C8390091D095 /* BLBlurFloatingView */ = {
			isa = PBXGroup;
			children = (
				C013C3A42557C8300091D095 /* BLBlurFloatingView.h */,
				C013C3A52557C8300091D095 /* BLBlurFloatingView.m */,
			);
			path = BLBlurFloatingView;
			sourceTree = "<group>";
		};
		C013C3A82557C8BC0091D095 /* UIView+CornerRadius */ = {
			isa = PBXGroup;
			children = (
				C013C3A92557C8BC0091D095 /* UIView+CornerRadius.h */,
				C013C3AA2557C8BC0091D095 /* UIView+CornerRadius.m */,
			);
			path = "UIView+CornerRadius";
			sourceTree = "<group>";
		};
		C013C3AC2557C8D30091D095 /* BLBlurEffect */ = {
			isa = PBXGroup;
			children = (
				C013C3AE2557C8D30091D095 /* BLBlurEffect.h */,
				C013C3AD2557C8D30091D095 /* BLBlurEffect.m */,
			);
			path = BLBlurEffect;
			sourceTree = "<group>";
		};
/* End PBXGroup section */

/* Begin PBXNativeTarget section */
		C013C3872557C7E50091D095 /* BlurFloatingButtonDemo */ = {
			isa = PBXNativeTarget;
			buildConfigurationList = C013C3A12557C7E80091D095 /* Build configuration list for PBXNativeTarget "BlurFloatingButtonDemo" */;
			buildPhases = (
				C013C3842557C7E50091D095 /* Sources */,
				C013C3852557C7E50091D095 /* Frameworks */,
				C013C3862557C7E50091D095 /* Resources */,
			);
			buildRules = (
			);
			dependencies = (
			);
			name = BlurFloatingButtonDemo;
			productName = BlurFloatingButtonDemo;
			productReference = C013C3882557C7E50091D095 /* BlurFloatingButtonDemo.app */;
			productType = "com.apple.product-type.application";
		};
/* End PBXNativeTarget section */

/* Begin PBXProject section */
		C013C3802557C7E50091D095 /* Project object */ = {
			isa = PBXProject;
			attributes = {
				LastUpgradeCheck = 1140;
				ORGANIZATIONNAME = bill;
				TargetAttributes = {
					C013C3872557C7E50091D095 = {
						CreatedOnToolsVersion = 11.4.1;
					};
				};
			};
			buildConfigurationList = C013C3832557C7E50091D095 /* Build configuration list for PBXProject "BlurFloatingButtonDemo" */;
			compatibilityVersion = "Xcode 9.3";
			developmentRegion = en;
			hasScannedForEncodings = 0;
			knownRegions = (
				en,
				Base,
			);
			mainGroup = C013C37F2557C7E50091D095;
			productRefGroup = C013C3892557C7E50091D095 /* Products */;
			projectDirPath = "";
			projectRoot = "";
			targets = (
				C013C3872557C7E50091D095 /* BlurFloatingButtonDemo */,
			);
		};
/* End PBXProject section */

/* Begin PBXResourcesBuildPhase section */
		C013C3862557C7E50091D095 /* Resources */ = {
			isa = PBXResourcesBuildPhase;
			buildActionMask = 2147483647;
			files = (
				C013C39B2557C7E80091D095 /* LaunchScreen.storyboard in Resources */,
				C013C3B32558013A0091D095 /* shijian-2.png in Resources */,
				C013C3B5255824A30091D095 /* timg.jpeg in Resources */,
				C013C3982557C7E80091D095 /* Assets.xcassets in Resources */,
				C07F1556258F3B960068B1FF /* 首页.png in Resources */,
				C013C3962557C7E50091D095 /* Main.storyboard in Resources */,
			);
			runOnlyForDeploymentPostprocessing = 0;
		};
/* End PBXResourcesBuildPhase section */

/* Begin PBXSourcesBuildPhase section */
		C013C3842557C7E50091D095 /* Sources */ = {
			isa = PBXSourcesBuildPhase;
			buildActionMask = 2147483647;
			files = (
				C013C3932557C7E50091D095 /* ViewController.m in Sources */,
				C013C3AB2557C8BC0091D095 /* UIView+CornerRadius.m in Sources */,
				C013C38D2557C7E50091D095 /* AppDelegate.m in Sources */,
				C013C3A62557C8300091D095 /* BLBlurFloatingView.m in Sources */,
				C013C3AF2557C8D30091D095 /* BLBlurEffect.m in Sources */,
				C013C39E2557C7E80091D095 /* main.m in Sources */,
				C013C3902557C7E50091D095 /* SceneDelegate.m in Sources */,
			);
			runOnlyForDeploymentPostprocessing = 0;
		};
/* End PBXSourcesBuildPhase section */

/* Begin PBXVariantGroup section */
		C013C3942557C7E50091D095 /* Main.storyboard */ = {
			isa = PBXVariantGroup;
			children = (
				C013C3952557C7E50091D095 /* Base */,
			);
			name = Main.storyboard;
			sourceTree = "<group>";
		};
		C013C3992557C7E80091D095 /* LaunchScreen.storyboard */ = {
			isa = PBXVariantGroup;
			children = (
				C013C39A2557C7E80091D095 /* Base */,
			);
			name = LaunchScreen.storyboard;
			sourceTree = "<group>";
		};
/* End PBXVariantGroup section */

/* Begin XCBuildConfiguration section */
		C013C39F2557C7E80091D095 /* Debug */ = {
			isa = XCBuildConfiguration;
			buildSettings = {
				ALWAYS_SEARCH_USER_PATHS = NO;
				CLANG_ANALYZER_NONNULL = YES;
				CLANG_ANALYZER_NUMBER_OBJECT_CONVERSION = YES_AGGRESSIVE;
				CLANG_CXX_LANGUAGE_STANDARD = "gnu++14";
				CLANG_CXX_LIBRARY = "libc++";
				CLANG_ENABLE_MODULES = YES;
				CLANG_ENABLE_OBJC_ARC = YES;
				CLANG_ENABLE_OBJC_WEAK = YES;
				CLANG_WARN_BLOCK_CAPTURE_AUTORELEASING = YES;
				CLANG_WARN_BOOL_CONVERSION = YES;
				CLANG_WARN_COMMA = YES;
				CLANG_WARN_CONSTANT_CONVERSION = YES;
				CLANG_WARN_DEPRECATED_OBJC_IMPLEMENTATIONS = YES;
				CLANG_WARN_DIRECT_OBJC_ISA_USAGE = YES_ERROR;
				CLANG_WARN_DOCUMENTATION_COMMENTS = YES;
				CLANG_WARN_EMPTY_BODY = YES;
				CLANG_WARN_ENUM_CONVERSION = YES;
				CLANG_WARN_INFINITE_RECURSION = YES;
				CLANG_WARN_INT_CONVERSION = YES;
				CLANG_WARN_NON_LITERAL_NULL_CONVERSION = YES;
				CLANG_WARN_OBJC_IMPLICIT_RETAIN_SELF = YES;
				CLANG_WARN_OBJC_LITERAL_CONVERSION = YES;
				CLANG_WARN_OBJC_ROOT_CLASS = YES_ERROR;
				CLANG_WARN_RANGE_LOOP_ANALYSIS = YES;
				CLANG_WARN_STRICT_PROTOTYPES = YES;
				CLANG_WARN_SUSPICIOUS_MOVE = YES;
				CLANG_WARN_UNGUARDED_AVAILABILITY = YES_AGGRESSIVE;
				CLANG_WARN_UNREACHABLE_CODE = YES;
				CLANG_WARN__DUPLICATE_METHOD_MATCH = YES;
				COPY_PHASE_STRIP = NO;
				DEBUG_INFORMATION_FORMAT = dwarf;
				ENABLE_STRICT_OBJC_MSGSEND = YES;
				ENABLE_TESTABILITY = YES;
				GCC_C_LANGUAGE_STANDARD = gnu11;
				GCC_DYNAMIC_NO_PIC = NO;
				GCC_NO_COMMON_BLOCKS = YES;
				GCC_OPTIMIZATION_LEVEL = 0;
				GCC_PREPROCESSOR_DEFINITIONS = (
					"DEBUG=1",
					"$(inherited)",
				);
				GCC_WARN_64_TO_32_BIT_CONVERSION = YES;
				GCC_WARN_ABOUT_RETURN_TYPE = YES_ERROR;
				GCC_WARN_UNDECLARED_SELECTOR = YES;
				GCC_WARN_UNINITIALIZED_AUTOS = YES_AGGRESSIVE;
				GCC_WARN_UNUSED_FUNCTION = YES;
				GCC_WARN_UNUSED_VARIABLE = YES;
				IPHONEOS_DEPLOYMENT_TARGET = 13.4;
				MTL_ENABLE_DEBUG_INFO = INCLUDE_SOURCE;
				MTL_FAST_MATH = YES;
				ONLY_ACTIVE_ARCH = YES;
				SDKROOT = iphoneos;
			};
			name = Debug;
		};
		C013C3A02557C7E80091D095 /* Release */ = {
			isa = XCBuildConfiguration;
			buildSettings = {
				ALWAYS_SEARCH_USER_PATHS = NO;
				CLANG_ANALYZER_NONNULL = YES;
				CLANG_ANALYZER_NUMBER_OBJECT_CONVERSION = YES_AGGRESSIVE;
				CLANG_CXX_LANGUAGE_STANDARD = "gnu++14";
				CLANG_CXX_LIBRARY = "libc++";
				CLANG_ENABLE_MODULES = YES;
				CLANG_ENABLE_OBJC_ARC = YES;
				CLANG_ENABLE_OBJC_WEAK = YES;
				CLANG_WARN_BLOCK_CAPTURE_AUTORELEASING = YES;
				CLANG_WARN_BOOL_CONVERSION = YES;
				CLANG_WARN_COMMA = YES;
				CLANG_WARN_CONSTANT_CONVERSION = YES;
				CLANG_WARN_DEPRECATED_OBJC_IMPLEMENTATIONS = YES;
				CLANG_WARN_DIRECT_OBJC_ISA_USAGE = YES_ERROR;
				CLANG_WARN_DOCUMENTATION_COMMENTS = YES;
				CLANG_WARN_EMPTY_BODY = YES;
				CLANG_WARN_ENUM_CONVERSION = YES;
				CLANG_WARN_INFINITE_RECURSION = YES;
				CLANG_WARN_INT_CONVERSION = YES;
				CLANG_WARN_NON_LITERAL_NULL_CONVERSION = YES;
				CLANG_WARN_OBJC_IMPLICIT_RETAIN_SELF = YES;
				CLANG_WARN_OBJC_LITERAL_CONVERSION = YES;
				CLANG_WARN_OBJC_ROOT_CLASS = YES_ERROR;
				CLANG_WARN_RANGE_LOOP_ANALYSIS = YES;
				CLANG_WARN_STRICT_PROTOTYPES = YES;
				CLANG_WARN_SUSPICIOUS_MOVE = YES;
				CLANG_WARN_UNGUARDED_AVAILABILITY = YES_AGGRESSIVE;
				CLANG_WARN_UNREACHABLE_CODE = YES;
				CLANG_WARN__DUPLICATE_METHOD_MATCH = YES;
				COPY_PHASE_STRIP = NO;
				DEBUG_INFORMATION_FORMAT = "dwarf-with-dsym";
				ENABLE_NS_ASSERTIONS = NO;
				ENABLE_STRICT_OBJC_MSGSEND = YES;
				GCC_C_LANGUAGE_STANDARD = gnu11;
				GCC_NO_COMMON_BLOCKS = YES;
				GCC_WARN_64_TO_32_BIT_CONVERSION = YES;
				GCC_WARN_ABOUT_RETURN_TYPE = YES_ERROR;
				GCC_WARN_UNDECLARED_SELECTOR = YES;
				GCC_WARN_UNINITIALIZED_AUTOS = YES_AGGRESSIVE;
				GCC_WARN_UNUSED_FUNCTION = YES;
				GCC_WARN_UNUSED_VARIABLE = YES;
				IPHONEOS_DEPLOYMENT_TARGET = 13.4;
				MTL_ENABLE_DEBUG_INFO = NO;
				MTL_FAST_MATH = YES;
				SDKROOT = iphoneos;
				VALIDATE_PRODUCT = YES;
			};
			name = Release;
		};
		C013C3A22557C7E80091D095 /* Debug */ = {
			isa = XCBuildConfiguration;
			buildSettings = {
				ASSETCATALOG_COMPILER_APPICON_NAME = AppIcon;
				CODE_SIGN_STYLE = Automatic;
				DEVELOPMENT_TEAM = ZLCLUPUR7M;
				INFOPLIST_FILE = BlurFloatingButtonDemo/Info.plist;
				LD_RUNPATH_SEARCH_PATHS = (
					"$(inherited)",
					"@executable_path/Frameworks",
				);
				PRODUCT_BUNDLE_IDENTIFIER = com.bill.BlurFloatingButtonDemo;
				PRODUCT_NAME = "$(TARGET_NAME)";
				TARGETED_DEVICE_FAMILY = "1,2";
			};
			name = Debug;
		};
		C013C3A32557C7E80091D095 /* Release */ = {
			isa = XCBuildConfiguration;
			buildSettings = {
				ASSETCATALOG_COMPILER_APPICON_NAME = AppIcon;
				CODE_SIGN_STYLE = Automatic;
				DEVELOPMENT_TEAM = ZLCLUPUR7M;
				INFOPLIST_FILE = BlurFloatingButtonDemo/Info.plist;
				LD_RUNPATH_SEARCH_PATHS = (
					"$(inherited)",
					"@executable_path/Frameworks",
				);
				PRODUCT_BUNDLE_IDENTIFIER = com.bill.BlurFloatingButtonDemo;
				PRODUCT_NAME = "$(TARGET_NAME)";
				TARGETED_DEVICE_FAMILY = "1,2";
			};
			name = Release;
		};
/* End XCBuildConfiguration section */

/* Begin XCConfigurationList section */
		C013C3832557C7E50091D095 /* Build configuration list for PBXProject "BlurFloatingButtonDemo" */ = {
			isa = XCConfigurationList;
			buildConfigurations = (
				C013C39F2557C7E80091D095 /* Debug */,
				C013C3A02557C7E80091D095 /* Release */,
			);
			defaultConfigurationIsVisible = 0;
			defaultConfigurationName = Release;
		};
		C013C3A12557C7E80091D095 /* Build configuration list for PBXNativeTarget "BlurFloatingButtonDemo" */ = {
			isa = XCConfigurationList;
			buildConfigurations = (
				C013C3A22557C7E80091D095 /* Debug */,
				C013C3A32557C7E80091D095 /* Release */,
			);
			defaultConfigurationIsVisible = 0;
			defaultConfigurationName = Release;
		};
/* End XCConfigurationList section */
	};
	rootObject = C013C3802557C7E50091D095 /* Project object */;
}
